
Microsoft Visual Studio Solution File, Format Version 12.00
# Visual Studio 15
VisualStudioVersion = 15.0.28010.2041
MinimumVisualStudioVersion = 10.0.40219.1
Project("{FAE04EC0-301F-11D3-BF4B-00C04F79EFBC}") = "AllDatbase_Backup", "AllDatbase_Backup\AllDatbase_Backup.csproj", "{18A0007B-CB72-4832-8166-C904F996C131}"
EndProject
Global
	GlobalSection(SolutionConfigurationPlatforms) = preSolution
		Debug|Any CPU = Debug|Any CPU
		Release|Any CPU = Release|Any CPU
	EndGlobalSection
	GlobalSection(ProjectConfigurationPlatforms) = postSolution
		{18A0007B-CB72-4832-8166-C904F996C131}.Debug|Any CPU.ActiveCfg = Debug|Any CPU
		{18A0007B-CB72-4832-8166-C904F996C131}.Debug|Any CPU.Build.0 = Debug|Any CPU
		{18A0007B-CB72-4832-8166-C904F996C131}.Release|Any CPU.ActiveCfg = Release|Any CPU
		{18A0007B-CB72-4832-8166-C904F996C131}.Release|Any CPU.Build.0 = Release|Any CPU
	EndGlobalSection
	GlobalSection(SolutionProperties) = preSolution
		HideSolutionNode = FALSE
	EndGlobalSection
	GlobalSection(ExtensibilityGlobals) = postSolution
		SolutionGuid = {7EC2F9A2-24FE-4729-8C15-B07965A4D0F1}
	EndGlobalSection
EndGlobal
